
Microsoft Visual Studio Solution File, Format Version 12.00
# Visual Studio Version 17
VisualStudioVersion = 17.14.36915.13
MinimumVisualStudioVersion = 10.0.40219.1
Project("{FAE04EC0-301F-11D3-BF4B-00C04F79EFBC}") = "test", "test\test.csproj", "{A69E9805-4015-4675-B3A8-54AEF4705D4C}"
EndProject
Global
	GlobalSection(SolutionConfigurationPlatforms) = preSolution
		Debug|Any CPU = Debug|Any CPU
		Release|Any CPU = Release|Any CPU
	EndGlobalSection
	GlobalSection(ProjectConfigurationPlatforms) = postSolution
		{A69E9805-4015-4675-B3A8-54AEF4705D4C}.Debug|Any CPU.ActiveCfg = Debug|Any CPU
		{A69E9805-4015-4675-B3A8-54AEF4705D4C}.Debug|Any CPU.Build.0 = Debug|Any CPU
		{A69E9805-4015-4675-B3A8-54AEF4705D4C}.Release|Any CPU.ActiveCfg = Release|Any CPU
		{A69E9805-4015-4675-B3A8-54AEF4705D4C}.Release|Any CPU.Build.0 = Release|Any CPU
	EndGlobalSection
	GlobalSection(SolutionProperties) = preSolution
		HideSolutionNode = FALSE
	EndGlobalSection
	GlobalSection(ExtensibilityGlobals) = postSolution
		SolutionGuid = {F7269A79-0705-473F-B0BF-635E4F45C288}
	EndGlobalSection
EndGlobal
